version = 1
requires-python = ">=3.12"

[[package]]
name = "dnspython"
version = "2.7.0"
source = { registry = "https://pypi.org/simple" }
sdist = { url = "https://files.pythonhosted.org/packages/b5/4a/263763cb2ba3816dd94b08ad3a33d5fdae34ecb856678773cc40a3605829/dnspython-2.7.0.tar.gz", hash = "sha256:ce9c432eda0dc91cf618a5cedf1a4e142651196bbcd2c80e89ed5a907e5cfaf1", size = 345197 }
wheels = [
    { url = "https://files.pythonhosted.org/packages/68/1b/e0a87d256e40e8c888847551b20a017a6b98139178505dc7ffb96f04e954/dnspython-2.7.0-py3-none-any.whl", hash = "sha256:b4c34b7d10b51bcc3a5071e7b8dee77939f1e878477eeecc965e9835f63c6c86", size = 313632 },
]

[[package]]
name = "lyric-pro-etls"
version = "0.1.0"
source = { virtual = "." }
dependencies = [
    { name = "pymongo" },
]

[package.dev-dependencies]
dev = [
    { name = "poethepoet" },
]

[package.metadata]
requires-dist = [{ name = "pymongo", specifier = ">=4.10.1" }]

[package.metadata.requires-dev]
dev = [{ name = "poethepoet", specifier = ">=0.32.2" }]

[[package]]
name = "pastel"
version = "0.2.1"
source = { registry = "https://pypi.org/simple" }
sdist = { url = "https://files.pythonhosted.org/packages/76/f1/4594f5e0fcddb6953e5b8fe00da8c317b8b41b547e2b3ae2da7512943c62/pastel-0.2.1.tar.gz", hash = "sha256:e6581ac04e973cac858828c6202c1e1e81fee1dc7de7683f3e1ffe0bfd8a573d", size = 7555 }
wheels = [
    { url = "https://files.pythonhosted.org/packages/aa/18/a8444036c6dd65ba3624c63b734d3ba95ba63ace513078e1580590075d21/pastel-0.2.1-py2.py3-none-any.whl", hash = "sha256:4349225fcdf6c2bb34d483e523475de5bb04a5c10ef711263452cb37d7dd4364", size = 5955 },
]

[[package]]
name = "poethepoet"
version = "0.32.2"
source = { registry = "https://pypi.org/simple" }
dependencies = [
    { name = "pastel" },
    { name = "pyyaml" },
]
sdist = { url = "https://files.pythonhosted.org/packages/ee/c6/4bc7e21166726fc96f82f58b31fd032fdf8864d3aa17e2622578cb96c24d/poethepoet-0.32.2.tar.gz", hash = "sha256:1d68871dac1b191e27bd68fea57d0e01e9afbba3fcd01dbe6f6bc3fcb071fe4c", size = 61381 }
wheels = [
    { url = "https://files.pythonhosted.org/packages/b1/1f/4e7a9b6b33a085172a826d1f9d0a19a2e77982298acea13d40442f14ef28/poethepoet-0.32.2-py3-none-any.whl", hash = "sha256:97e165de8e00b07d33fd8d72896fad8b20ccafcd327b1118bb6a3da26af38d33", size = 81726 },
]

[[package]]
name = "pymongo"
version = "4.10.1"
source = { registry = "https://pypi.org/simple" }
dependencies = [
    { name = "dnspython" },
]
sdist = { url = "https://files.pythonhosted.org/packages/1a/35/b62a3139f908c68b69aac6a6a3f8cc146869de0a7929b994600e2c587c77/pymongo-4.10.1.tar.gz", hash = "sha256:a9de02be53b6bb98efe0b9eda84ffa1ec027fcb23a2de62c4f941d9a2f2f3330", size = 1903902 }
wheels = [
    { url = "https://files.pythonhosted.org/packages/10/d1/60ad99fe3f64d45e6c71ac0e3078e88d9b64112b1bae571fc3707344d6d1/pymongo-4.10.1-cp312-cp312-macosx_10_13_x86_64.whl", hash = "sha256:fbedc4617faa0edf423621bb0b3b8707836687161210d470e69a4184be9ca011", size = 943356 },
    { url = "https://files.pythonhosted.org/packages/ca/9b/21d4c6b4ee9c1fa9691c68dc2a52565e0acb644b9e95148569b4736a4ebd/pymongo-4.10.1-cp312-cp312-macosx_11_0_arm64.whl", hash = "sha256:7bd26b2aec8ceeb95a5d948d5cc0f62b0eb6d66f3f4230705c1e3d3d2c04ec76", size = 943142 },
    { url = "https://files.pythonhosted.org/packages/07/af/691b7454e219a8eb2d1641aecedd607e3a94b93650c2011ad8a8fd74ef9f/pymongo-4.10.1-cp312-cp312-manylinux_2_17_aarch64.manylinux2014_aarch64.whl", hash = "sha256:fb104c3c2a78d9d85571c8ac90ec4f95bca9b297c6eee5ada71fabf1129e1674", size = 1909129 },
    { url = "https://files.pythonhosted.org/packages/0c/74/fd75d5ad4181d6e71ce0fca32404fb71b5046ac84d9a1a2f0862262dd032/pymongo-4.10.1-cp312-cp312-manylinux_2_17_ppc64le.manylinux2014_ppc64le.whl", hash = "sha256:4924355245a9c79f77b5cda2db36e0f75ece5faf9f84d16014c0a297f6d66786", size = 1987763 },
    { url = "https://files.pythonhosted.org/packages/8a/56/6d3d0ef63c6d8cb98c7c653a3a2e617675f77a95f3853851d17a7664876a/pymongo-4.10.1-cp312-cp312-manylinux_2_17_s390x.manylinux2014_s390x.whl", hash = "sha256:11280809e5dacaef4971113f0b4ff4696ee94cfdb720019ff4fa4f9635138252", size = 1950821 },
    { url = "https://files.pythonhosted.org/packages/70/ed/1603fa0c0e51444752c3fa91f16c3a97e6d92eb9fe5e553dae4f18df16f6/pymongo-4.10.1-cp312-cp312-manylinux_2_17_x86_64.manylinux2014_x86_64.whl", hash = "sha256:e5d55f2a82e5eb23795f724991cac2bffbb1c0f219c0ba3bf73a835f97f1bb2e", size = 1912247 },
    { url = "https://files.pythonhosted.org/packages/c1/66/e98b2308971d45667cb8179d4d66deca47336c90663a7e0527589f1038b7/pymongo-4.10.1-cp312-cp312-manylinux_2_5_i686.manylinux1_i686.manylinux_2_17_i686.manylinux2014_i686.whl", hash = "sha256:e974ab16a60be71a8dfad4e5afccf8dd05d41c758060f5d5bda9a758605d9a5d", size = 1862230 },
    { url = "https://files.pythonhosted.org/packages/6c/80/ba9b7ed212a5f8cf8ad7037ed5bbebc1c587fc09242108f153776e4a338b/pymongo-4.10.1-cp312-cp312-win32.whl", hash = "sha256:544890085d9641f271d4f7a47684450ed4a7344d6b72d5968bfae32203b1bb7c", size = 903045 },
    { url = "https://files.pythonhosted.org/packages/76/8b/5afce891d78159912c43726fab32641e3f9718f14be40f978c148ea8db48/pymongo-4.10.1-cp312-cp312-win_amd64.whl", hash = "sha256:dcc07b1277e8b4bf4d7382ca133850e323b7ab048b8353af496d050671c7ac52", size = 926686 },
    { url = "https://files.pythonhosted.org/packages/83/76/df0fd0622a85b652ad0f91ec8a0ebfd0cb86af6caec8999a22a1f7481203/pymongo-4.10.1-cp313-cp313-macosx_10_13_x86_64.whl", hash = "sha256:90bc6912948dfc8c363f4ead54d54a02a15a7fee6cfafb36dc450fc8962d2cb7", size = 996981 },
    { url = "https://files.pythonhosted.org/packages/4c/39/fa50531de8d1d8af8c253caeed20c18ccbf1de5d970119c4a42c89f2bd09/pymongo-4.10.1-cp313-cp313-macosx_11_0_arm64.whl", hash = "sha256:594dd721b81f301f33e843453638e02d92f63c198358e5a0fa8b8d0b1218dabc", size = 996769 },
    { url = "https://files.pythonhosted.org/packages/bf/50/6936612c1b2e32d95c30e860552d3bc9e55cfa79a4f73b73225fa05a028c/pymongo-4.10.1-cp313-cp313-manylinux_2_17_aarch64.manylinux2014_aarch64.whl", hash = "sha256:0783e0c8e95397c84e9cf8ab092ab1e5dd7c769aec0ef3a5838ae7173b98dea0", size = 2169159 },
    { url = "https://files.pythonhosted.org/packages/78/8c/45cb23096e66c7b1da62bb8d9c7ac2280e7c1071e13841e7fb71bd44fd9f/pymongo-4.10.1-cp313-cp313-manylinux_2_17_ppc64le.manylinux2014_ppc64le.whl", hash = "sha256:6fb6a72e88df46d1c1040fd32cd2d2c5e58722e5d3e31060a0393f04ad3283de", size = 2260569 },
    { url = "https://files.pythonhosted.org/packages/29/b6/e5ec697087e527a6a15c5f8daa5bcbd641edb8813487345aaf963d3537dc/pymongo-4.10.1-cp313-cp313-manylinux_2_17_s390x.manylinux2014_s390x.whl", hash = "sha256:2e3a593333e20c87415420a4fb76c00b7aae49b6361d2e2205b6fece0563bf40", size = 2218142 },
    { url = "https://files.pythonhosted.org/packages/ad/8a/c0b45bee0f0c57732c5c36da5122c1796efd5a62d585fbc504e2f1401244/pymongo-4.10.1-cp313-cp313-manylinux_2_17_x86_64.manylinux2014_x86_64.whl", hash = "sha256:72e2ace7456167c71cfeca7dcb47bd5dceda7db2231265b80fc625c5e8073186", size = 2170623 },
    { url = "https://files.pythonhosted.org/packages/3b/26/6c0a5360a571df24c9bfbd51b1dae279f4f0c511bdbc0906f6df6d1543fa/pymongo-4.10.1-cp313-cp313-manylinux_2_5_i686.manylinux1_i686.manylinux_2_17_i686.manylinux2014_i686.whl", hash = "sha256:8ad05eb9c97e4f589ed9e74a00fcaac0d443ccd14f38d1258eb4c39a35dd722b", size = 2111112 },
    { url = "https://files.pythonhosted.org/packages/38/bc/5b91b728e1cf505d931f04e24cbac71ae519523785570ed046cdc31e6efc/pymongo-4.10.1-cp313-cp313-win32.whl", hash = "sha256:ee4c86d8e6872a61f7888fc96577b0ea165eb3bdb0d841962b444fa36001e2bb", size = 948727 },
    { url = "https://files.pythonhosted.org/packages/0d/2a/7c24a6144eaa06d18ed52822ea2b0f119fd9267cd1abbb75dae4d89a3803/pymongo-4.10.1-cp313-cp313-win_amd64.whl", hash = "sha256:45ee87a4e12337353242bc758accc7fb47a2f2d9ecc0382a61e64c8f01e86708", size = 976873 },
]

[[package]]
name = "pyyaml"
version = "6.0.2"
source = { registry = "https://pypi.org/simple" }
sdist = { url = "https://files.pythonhosted.org/packages/54/ed/79a089b6be93607fa5cdaedf301d7dfb23af5f25c398d5ead2525b063e17/pyyaml-6.0.2.tar.gz", hash = "sha256:d584d9ec91ad65861cc08d42e834324ef890a082e591037abe114850ff7bbc3e", size = 130631 }
wheels = [
    { url = "https://files.pythonhosted.org/packages/86/0c/c581167fc46d6d6d7ddcfb8c843a4de25bdd27e4466938109ca68492292c/PyYAML-6.0.2-cp312-cp312-macosx_10_9_x86_64.whl", hash = "sha256:c70c95198c015b85feafc136515252a261a84561b7b1d51e3384e0655ddf25ab", size = 183873 },
    { url = "https://files.pythonhosted.org/packages/a8/0c/38374f5bb272c051e2a69281d71cba6fdb983413e6758b84482905e29a5d/PyYAML-6.0.2-cp312-cp312-macosx_11_0_arm64.whl", hash = "sha256:ce826d6ef20b1bc864f0a68340c8b3287705cae2f8b4b1d932177dcc76721725", size = 173302 },
    { url = "https://files.pythonhosted.org/packages/c3/93/9916574aa8c00aa06bbac729972eb1071d002b8e158bd0e83a3b9a20a1f7/PyYAML-6.0.2-cp312-cp312-manylinux_2_17_aarch64.manylinux2014_aarch64.whl", hash = "sha256:1f71ea527786de97d1a0cc0eacd1defc0985dcf6b3f17bb77dcfc8c34bec4dc5", size = 739154 },
    { url = "https://files.pythonhosted.org/packages/95/0f/b8938f1cbd09739c6da569d172531567dbcc9789e0029aa070856f123984/PyYAML-6.0.2-cp312-cp312-manylinux_2_17_s390x.manylinux2014_s390x.whl", hash = "sha256:9b22676e8097e9e22e36d6b7bda33190d0d400f345f23d4065d48f4ca7ae0425", size = 766223 },
    { url = "https://files.pythonhosted.org/packages/b9/2b/614b4752f2e127db5cc206abc23a8c19678e92b23c3db30fc86ab731d3bd/PyYAML-6.0.2-cp312-cp312-manylinux_2_17_x86_64.manylinux2014_x86_64.whl", hash = "sha256:80bab7bfc629882493af4aa31a4cfa43a4c57c83813253626916b8c7ada83476", size = 767542 },
    { url = "https://files.pythonhosted.org/packages/d4/00/dd137d5bcc7efea1836d6264f049359861cf548469d18da90cd8216cf05f/PyYAML-6.0.2-cp312-cp312-musllinux_1_1_aarch64.whl", hash = "sha256:0833f8694549e586547b576dcfaba4a6b55b9e96098b36cdc7ebefe667dfed48", size = 731164 },
    { url = "https://files.pythonhosted.org/packages/c9/1f/4f998c900485e5c0ef43838363ba4a9723ac0ad73a9dc42068b12aaba4e4/PyYAML-6.0.2-cp312-cp312-musllinux_1_1_x86_64.whl", hash = "sha256:8b9c7197f7cb2738065c481a0461e50ad02f18c78cd75775628afb4d7137fb3b", size = 756611 },
    { url = "https://files.pythonhosted.org/packages/df/d1/f5a275fdb252768b7a11ec63585bc38d0e87c9e05668a139fea92b80634c/PyYAML-6.0.2-cp312-cp312-win32.whl", hash = "sha256:ef6107725bd54b262d6dedcc2af448a266975032bc85ef0172c5f059da6325b4", size = 140591 },
    { url = "https://files.pythonhosted.org/packages/0c/e8/4f648c598b17c3d06e8753d7d13d57542b30d56e6c2dedf9c331ae56312e/PyYAML-6.0.2-cp312-cp312-win_amd64.whl", hash = "sha256:7e7401d0de89a9a855c839bc697c079a4af81cf878373abd7dc625847d25cbd8", size = 156338 },
    { url = "https://files.pythonhosted.org/packages/ef/e3/3af305b830494fa85d95f6d95ef7fa73f2ee1cc8ef5b495c7c3269fb835f/PyYAML-6.0.2-cp313-cp313-macosx_10_13_x86_64.whl", hash = "sha256:efdca5630322a10774e8e98e1af481aad470dd62c3170801852d752aa7a783ba", size = 181309 },
    { url = "https://files.pythonhosted.org/packages/45/9f/3b1c20a0b7a3200524eb0076cc027a970d320bd3a6592873c85c92a08731/PyYAML-6.0.2-cp313-cp313-macosx_11_0_arm64.whl", hash = "sha256:50187695423ffe49e2deacb8cd10510bc361faac997de9efef88badc3bb9e2d1", size = 171679 },
    { url = "https://files.pythonhosted.org/packages/7c/9a/337322f27005c33bcb656c655fa78325b730324c78620e8328ae28b64d0c/PyYAML-6.0.2-cp313-cp313-manylinux_2_17_aarch64.manylinux2014_aarch64.whl", hash = "sha256:0ffe8360bab4910ef1b9e87fb812d8bc0a308b0d0eef8c8f44e0254ab3b07133", size = 733428 },
    { url = "https://files.pythonhosted.org/packages/a3/69/864fbe19e6c18ea3cc196cbe5d392175b4cf3d5d0ac1403ec3f2d237ebb5/PyYAML-6.0.2-cp313-cp313-manylinux_2_17_s390x.manylinux2014_s390x.whl", hash = "sha256:17e311b6c678207928d649faa7cb0d7b4c26a0ba73d41e99c4fff6b6c3276484", size = 763361 },
    { url = "https://files.pythonhosted.org/packages/04/24/b7721e4845c2f162d26f50521b825fb061bc0a5afcf9a386840f23ea19fa/PyYAML-6.0.2-cp313-cp313-manylinux_2_17_x86_64.manylinux2014_x86_64.whl", hash = "sha256:70b189594dbe54f75ab3a1acec5f1e3faa7e8cf2f1e08d9b561cb41b845f69d5", size = 759523 },
    { url = "https://files.pythonhosted.org/packages/2b/b2/e3234f59ba06559c6ff63c4e10baea10e5e7df868092bf9ab40e5b9c56b6/PyYAML-6.0.2-cp313-cp313-musllinux_1_1_aarch64.whl", hash = "sha256:41e4e3953a79407c794916fa277a82531dd93aad34e29c2a514c2c0c5fe971cc", size = 726660 },
    { url = "https://files.pythonhosted.org/packages/fe/0f/25911a9f080464c59fab9027482f822b86bf0608957a5fcc6eaac85aa515/PyYAML-6.0.2-cp313-cp313-musllinux_1_1_x86_64.whl", hash = "sha256:68ccc6023a3400877818152ad9a1033e3db8625d899c72eacb5a668902e4d652", size = 751597 },
    { url = "https://files.pythonhosted.org/packages/14/0d/e2c3b43bbce3cf6bd97c840b46088a3031085179e596d4929729d8d68270/PyYAML-6.0.2-cp313-cp313-win32.whl", hash = "sha256:bc2fa7c6b47d6bc618dd7fb02ef6fdedb1090ec036abab80d4681424b84c1183", size = 140527 },
    { url = "https://files.pythonhosted.org/packages/fa/de/02b54f42487e3d3c6efb3f89428677074ca7bf43aae402517bc7cca949f3/PyYAML-6.0.2-cp313-cp313-win_amd64.whl", hash = "sha256:8388ee1976c416731879ac16da0aff3f63b286ffdd57cdeb95f3f2e085687563", size = 156446 },
]
